
Microsoft Visual Studio Solution File, Format Version 12.00
# Visual Studio Version 17
VisualStudioVersion = 17.4.33205.214
MinimumVisualStudioVersion = 10.0.40219.1
Project("{FAE04EC0-301F-11D3-BF4B-00C04F79EFBC}") = "Stack", "Stack\Stack.csproj", "{CB383FBF-D837-4BD9-B9F4-84523D617B13}"
EndProject
Global
	GlobalSection(SolutionConfigurationPlatforms) = preSolution
		Debug|Any CPU = Debug|Any CPU
		Release|Any CPU = Release|Any CPU
	EndGlobalSection
	GlobalSection(ProjectConfigurationPlatforms) = postSolution
		{CB383FBF-D837-4BD9-B9F4-84523D617B13}.Debug|Any CPU.ActiveCfg = Debug|Any CPU
		{CB383FBF-D837-4BD9-B9F4-84523D617B13}.Debug|Any CPU.Build.0 = Debug|Any CPU
		{CB383FBF-D837-4BD9-B9F4-84523D617B13}.Release|Any CPU.ActiveCfg = Release|Any CPU
		{CB383FBF-D837-4BD9-B9F4-84523D617B13}.Release|Any CPU.Build.0 = Release|Any CPU
	EndGlobalSection
	GlobalSection(SolutionProperties) = preSolution
		HideSolutionNode = FALSE
	EndGlobalSection
	GlobalSection(ExtensibilityGlobals) = postSolution
		SolutionGuid = {7909F2FC-2988-463D-B71C-5BB9A3D9A259}
	EndGlobalSection
EndGlobal
